
Microsoft Visual Studio Solution File, Format Version 12.00
# Visual Studio 15
VisualStudioVersion = 15.0.27703.2035
MinimumVisualStudioVersion = 10.0.40219.1
Project("{FAE04EC0-301F-11D3-BF4B-00C04F79EFBC}") = "Youtube Player", "Youtube Player\Youtube Player.csproj", "{F1D34E82-7BD3-40E8-A1C3-DCA76AA1DDEE}"
EndProject
Global
	GlobalSection(SolutionConfigurationPlatforms) = preSolution
		Debug|Any CPU = Debug|Any CPU
		Release|Any CPU = Release|Any CPU
	EndGlobalSection
	GlobalSection(ProjectConfigurationPlatforms) = postSolution
		{F1D34E82-7BD3-40E8-A1C3-DCA76AA1DDEE}.Debug|Any CPU.ActiveCfg = Debug|Any CPU
		{F1D34E82-7BD3-40E8-A1C3-DCA76AA1DDEE}.Debug|Any CPU.Build.0 = Debug|Any CPU
		{F1D34E82-7BD3-40E8-A1C3-DCA76AA1DDEE}.Release|Any CPU.ActiveCfg = Release|Any CPU
		{F1D34E82-7BD3-40E8-A1C3-DCA76AA1DDEE}.Release|Any CPU.Build.0 = Release|Any CPU
	EndGlobalSection
	GlobalSection(SolutionProperties) = preSolution
		HideSolutionNode = FALSE
	EndGlobalSection
	GlobalSection(ExtensibilityGlobals) = postSolution
		SolutionGuid = {4568521A-98A4-446F-864D-0B9F77293E0C}
	EndGlobalSection
EndGlobal
